
Microsoft Visual Studio Solution File, Format Version 12.00
# Visual Studio 15
VisualStudioVersion = 15.0.27703.2026
MinimumVisualStudioVersion = 10.0.40219.1
Project("{FAE04EC0-301F-11D3-BF4B-00C04F79EFBC}") = "EssentialsEventManagementService", "EssentialsEventManagementService\EssentialsEventManagementService.csproj", "{EA1CB752-DAEF-4226-9DA9-28F50E761798}"
EndProject
Project("{2150E333-8FDC-42A3-9474-1A3956D46DE8}") = "src", "src", "{61EC075D-D805-4CA5-A26E-38C67E86D02F}"
EndProject
Project("{2150E333-8FDC-42A3-9474-1A3956D46DE8}") = "Common", "Common", "{960461FA-24A2-4E8F-BA17-0DB9047F86AF}"
EndProject
Project("{2150E333-8FDC-42A3-9474-1A3956D46DE8}") = "Controllers", "Controllers", "{64A12161-A06B-4154-AB3D-3EEE9E528252}"
EndProject
Project("{2150E333-8FDC-42A3-9474-1A3956D46DE8}") = "DataLayer", "DataLayer", "{DB3609E0-9786-47E3-8FB8-5EFDAE775541}"
EndProject
Project("{2150E333-8FDC-42A3-9474-1A3956D46DE8}") = "Mappers", "Mappers", "{591E4F6A-086B-406E-B32E-CD0DB5F777FA}"
EndProject
Project("{2150E333-8FDC-42A3-9474-1A3956D46DE8}") = "Models", "Models", "{7C0A1A89-B314-484B-810B-93F37B3F7CA4}"
EndProject
Project("{2150E333-8FDC-42A3-9474-1A3956D46DE8}") = "ServiceClients", "ServiceClients", "{7EDD4BF2-F942-49E8-BBB9-CF436C3BB961}"
EndProject
Project("{2150E333-8FDC-42A3-9474-1A3956D46DE8}") = "Tests", "Tests", "{22FFDD92-C3A3-48C6-AFDA-A83A40F62324}"
EndProject
Project("{FAE04EC0-301F-11D3-BF4B-00C04F79EFBC}") = "Common.EMS", "Common.EMS\Common.EMS.csproj", "{4FCDBAF0-C7B4-4CD9-8776-CC739E0B1CFF}"
EndProject
Project("{FAE04EC0-301F-11D3-BF4B-00C04F79EFBC}") = "Controllers.EMS", "Controllers.EMS\Controllers.EMS.csproj", "{37639DEA-B9B9-4F44-8533-2A4D42DC4F33}"
EndProject
Project("{FAE04EC0-301F-11D3-BF4B-00C04F79EFBC}") = "DataLayer.EMS.Repository", "DataLayer.EMS.Repository\DataLayer.EMS.Repository.csproj", "{4E12AFC7-41F0-401D-9C4C-C53BE79A3F99}"
EndProject
Project("{FAE04EC0-301F-11D3-BF4B-00C04F79EFBC}") = "DataLayer.EMS.Context", "DataLayer.EMS.Context\DataLayer.EMS.Context.csproj", "{4FEC5BA1-589E-44EA-857F-C2AABEE14C1F}"
EndProject
Project("{FAE04EC0-301F-11D3-BF4B-00C04F79EFBC}") = "Mappers.EMS", "Mappers.EMS\Mappers.EMS.csproj", "{F9C06CDE-B30C-4B09-BCEC-88E692F56CDD}"
EndProject
Project("{FAE04EC0-301F-11D3-BF4B-00C04F79EFBC}") = "Models.EMS.Dto", "Models.EMS.Dto\Models.EMS.Dto.csproj", "{B19D620A-052E-41C3-89A5-5619347CB38C}"
EndProject
Project("{FAE04EC0-301F-11D3-BF4B-00C04F79EFBC}") = "Models.EMS.Domain", "Models.EMS.Domain\Models.EMS.Domain.csproj", "{FE80918C-DD13-48D3-9C35-3C0C41C542A7}"
EndProject
Project("{FAE04EC0-301F-11D3-BF4B-00C04F79EFBC}") = "Models.EMS.Entity", "Models.EMS.Entity\Models.EMS.Entity.csproj", "{D99DE7E3-B1F4-4208-B4DC-9838F60F7091}"
EndProject
Project("{FAE04EC0-301F-11D3-BF4B-00C04F79EFBC}") = "ServiceClient.Document", "ServiceClient.Document\ServiceClient.Document.csproj", "{60A71B42-5805-415C-87DE-44B52A63412C}"
EndProject
Project("{FAE04EC0-301F-11D3-BF4B-00C04F79EFBC}") = "Tests.EMS", "Tests.EMS\Tests.EMS.csproj", "{8DFFFA07-3B73-46BE-AA8D-661A80540A36}"
EndProject
Project("{2150E333-8FDC-42A3-9474-1A3956D46DE8}") = "BusinessLayer", "BusinessLayer", "{36A34262-8844-4A2B-9525-C4AB495A5C8A}"
EndProject
Project("{FAE04EC0-301F-11D3-BF4B-00C04F79EFBC}") = "BusinessLayer.EMS", "BusinessLayer.EMS\BusinessLayer.EMS.csproj", "{42767E43-E9FB-4EB3-AA1D-742ABB0A5BF0}"
EndProject
Global
	GlobalSection(SolutionConfigurationPlatforms) = preSolution
		Debug|Any CPU = Debug|Any CPU
		Release|Any CPU = Release|Any CPU
	EndGlobalSection
	GlobalSection(ProjectConfigurationPlatforms) = postSolution
		{EA1CB752-DAEF-4226-9DA9-28F50E761798}.Debug|Any CPU.ActiveCfg = Debug|Any CPU
		{EA1CB752-DAEF-4226-9DA9-28F50E761798}.Debug|Any CPU.Build.0 = Debug|Any CPU
		{EA1CB752-DAEF-4226-9DA9-28F50E761798}.Release|Any CPU.ActiveCfg = Release|Any CPU
		{EA1CB752-DAEF-4226-9DA9-28F50E761798}.Release|Any CPU.Build.0 = Release|Any CPU
		{4FCDBAF0-C7B4-4CD9-8776-CC739E0B1CFF}.Debug|Any CPU.ActiveCfg = Debug|Any CPU
		{4FCDBAF0-C7B4-4CD9-8776-CC739E0B1CFF}.Debug|Any CPU.Build.0 = Debug|Any CPU
		{4FCDBAF0-C7B4-4CD9-8776-CC739E0B1CFF}.Release|Any CPU.ActiveCfg = Release|Any CPU
		{4FCDBAF0-C7B4-4CD9-8776-CC739E0B1CFF}.Release|Any CPU.Build.0 = Release|Any CPU
		{37639DEA-B9B9-4F44-8533-2A4D42DC4F33}.Debug|Any CPU.ActiveCfg = Debug|Any CPU
		{37639DEA-B9B9-4F44-8533-2A4D42DC4F33}.Debug|Any CPU.Build.0 = Debug|Any CPU
		{37639DEA-B9B9-4F44-8533-2A4D42DC4F33}.Release|Any CPU.ActiveCfg = Release|Any CPU
		{37639DEA-B9B9-4F44-8533-2A4D42DC4F33}.Release|Any CPU.Build.0 = Release|Any CPU
		{4E12AFC7-41F0-401D-9C4C-C53BE79A3F99}.Debug|Any CPU.ActiveCfg = Debug|Any CPU
		{4E12AFC7-41F0-401D-9C4C-C53BE79A3F99}.Debug|Any CPU.Build.0 = Debug|Any CPU
		{4E12AFC7-41F0-401D-9C4C-C53BE79A3F99}.Release|Any CPU.ActiveCfg = Release|Any CPU
		{4E12AFC7-41F0-401D-9C4C-C53BE79A3F99}.Release|Any CPU.Build.0 = Release|Any CPU
		{4FEC5BA1-589E-44EA-857F-C2AABEE14C1F}.Debug|Any CPU.ActiveCfg = Debug|Any CPU
		{4FEC5BA1-589E-44EA-857F-C2AABEE14C1F}.Debug|Any CPU.Build.0 = Debug|Any CPU
		{4FEC5BA1-589E-44EA-857F-C2AABEE14C1F}.Release|Any CPU.ActiveCfg = Release|Any CPU
		{4FEC5BA1-589E-44EA-857F-C2AABEE14C1F}.Release|Any CPU.Build.0 = Release|Any CPU
		{F9C06CDE-B30C-4B09-BCEC-88E692F56CDD}.Debug|Any CPU.ActiveCfg = Debug|Any CPU
		{F9C06CDE-B30C-4B09-BCEC-88E692F56CDD}.Debug|Any CPU.Build.0 = Debug|Any CPU
		{F9C06CDE-B30C-4B09-BCEC-88E692F56CDD}.Release|Any CPU.ActiveCfg = Release|Any CPU
		{F9C06CDE-B30C-4B09-BCEC-88E692F56CDD}.Release|Any CPU.Build.0 = Release|Any CPU
		{B19D620A-052E-41C3-89A5-5619347CB38C}.Debug|Any CPU.ActiveCfg = Debug|Any CPU
		{B19D620A-052E-41C3-89A5-5619347CB38C}.Debug|Any CPU.Build.0 = Debug|Any CPU
		{B19D620A-052E-41C3-89A5-5619347CB38C}.Release|Any CPU.ActiveCfg = Release|Any CPU
		{B19D620A-052E-41C3-89A5-5619347CB38C}.Release|Any CPU.Build.0 = Release|Any CPU
		{FE80918C-DD13-48D3-9C35-3C0C41C542A7}.Debug|Any CPU.ActiveCfg = Debug|Any CPU
		{FE80918C-DD13-48D3-9C35-3C0C41C542A7}.Debug|Any CPU.Build.0 = Debug|Any CPU
		{FE80918C-DD13-48D3-9C35-3C0C41C542A7}.Release|Any CPU.ActiveCfg = Release|Any CPU
		{FE80918C-DD13-48D3-9C35-3C0C41C542A7}.Release|Any CPU.Build.0 = Release|Any CPU
		{D99DE7E3-B1F4-4208-B4DC-9838F60F7091}.Debug|Any CPU.ActiveCfg = Debug|Any CPU
		{D99DE7E3-B1F4-4208-B4DC-9838F60F7091}.Debug|Any CPU.Build.0 = Debug|Any CPU
		{D99DE7E3-B1F4-4208-B4DC-9838F60F7091}.Release|Any CPU.ActiveCfg = Release|Any CPU
		{D99DE7E3-B1F4-4208-B4DC-9838F60F7091}.Release|Any CPU.Build.0 = Release|Any CPU
		{60A71B42-5805-415C-87DE-44B52A63412C}.Debug|Any CPU.ActiveCfg = Debug|Any CPU
		{60A71B42-5805-415C-87DE-44B52A63412C}.Debug|Any CPU.Build.0 = Debug|Any CPU
		{60A71B42-5805-415C-87DE-44B52A63412C}.Release|Any CPU.ActiveCfg = Release|Any CPU
		{60A71B42-5805-415C-87DE-44B52A63412C}.Release|Any CPU.Build.0 = Release|Any CPU
		{8DFFFA07-3B73-46BE-AA8D-661A80540A36}.Debug|Any CPU.ActiveCfg = Debug|Any CPU
		{8DFFFA07-3B73-46BE-AA8D-661A80540A36}.Debug|Any CPU.Build.0 = Debug|Any CPU
		{8DFFFA07-3B73-46BE-AA8D-661A80540A36}.Release|Any CPU.ActiveCfg = Release|Any CPU
		{8DFFFA07-3B73-46BE-AA8D-661A80540A36}.Release|Any CPU.Build.0 = Release|Any CPU
		{42767E43-E9FB-4EB3-AA1D-742ABB0A5BF0}.Debug|Any CPU.ActiveCfg = Debug|Any CPU
		{42767E43-E9FB-4EB3-AA1D-742ABB0A5BF0}.Debug|Any CPU.Build.0 = Debug|Any CPU
		{42767E43-E9FB-4EB3-AA1D-742ABB0A5BF0}.Release|Any CPU.ActiveCfg = Release|Any CPU
		{42767E43-E9FB-4EB3-AA1D-742ABB0A5BF0}.Release|Any CPU.Build.0 = Release|Any CPU
	EndGlobalSection
	GlobalSection(SolutionProperties) = preSolution
		HideSolutionNode = FALSE
	EndGlobalSection
	GlobalSection(NestedProjects) = preSolution
		{960461FA-24A2-4E8F-BA17-0DB9047F86AF} = {61EC075D-D805-4CA5-A26E-38C67E86D02F}
		{64A12161-A06B-4154-AB3D-3EEE9E528252} = {61EC075D-D805-4CA5-A26E-38C67E86D02F}
		{DB3609E0-9786-47E3-8FB8-5EFDAE775541} = {61EC075D-D805-4CA5-A26E-38C67E86D02F}
		{591E4F6A-086B-406E-B32E-CD0DB5F777FA} = {61EC075D-D805-4CA5-A26E-38C67E86D02F}
		{7C0A1A89-B314-484B-810B-93F37B3F7CA4} = {61EC075D-D805-4CA5-A26E-38C67E86D02F}
		{7EDD4BF2-F942-49E8-BBB9-CF436C3BB961} = {61EC075D-D805-4CA5-A26E-38C67E86D02F}
		{22FFDD92-C3A3-48C6-AFDA-A83A40F62324} = {61EC075D-D805-4CA5-A26E-38C67E86D02F}
		{4FCDBAF0-C7B4-4CD9-8776-CC739E0B1CFF} = {960461FA-24A2-4E8F-BA17-0DB9047F86AF}
		{37639DEA-B9B9-4F44-8533-2A4D42DC4F33} = {64A12161-A06B-4154-AB3D-3EEE9E528252}
		{4E12AFC7-41F0-401D-9C4C-C53BE79A3F99} = {DB3609E0-9786-47E3-8FB8-5EFDAE775541}
		{4FEC5BA1-589E-44EA-857F-C2AABEE14C1F} = {DB3609E0-9786-47E3-8FB8-5EFDAE775541}
		{F9C06CDE-B30C-4B09-BCEC-88E692F56CDD} = {591E4F6A-086B-406E-B32E-CD0DB5F777FA}
		{B19D620A-052E-41C3-89A5-5619347CB38C} = {7C0A1A89-B314-484B-810B-93F37B3F7CA4}
		{FE80918C-DD13-48D3-9C35-3C0C41C542A7} = {7C0A1A89-B314-484B-810B-93F37B3F7CA4}
		{D99DE7E3-B1F4-4208-B4DC-9838F60F7091} = {7C0A1A89-B314-484B-810B-93F37B3F7CA4}
		{60A71B42-5805-415C-87DE-44B52A63412C} = {7EDD4BF2-F942-49E8-BBB9-CF436C3BB961}
		{8DFFFA07-3B73-46BE-AA8D-661A80540A36} = {22FFDD92-C3A3-48C6-AFDA-A83A40F62324}
		{36A34262-8844-4A2B-9525-C4AB495A5C8A} = {61EC075D-D805-4CA5-A26E-38C67E86D02F}
		{42767E43-E9FB-4EB3-AA1D-742ABB0A5BF0} = {36A34262-8844-4A2B-9525-C4AB495A5C8A}
	EndGlobalSection
	GlobalSection(ExtensibilityGlobals) = postSolution
		SolutionGuid = {06D25F19-7C66-4452-88C1-2AB5F38E4EED}
	EndGlobalSection
EndGlobal
